// !$*UTF8*$!
{
	archiveVersion = 1;
	classes = {
	};
	objectVersion = 77;
	objects = {

/* Begin PBXBuildFile section */
		0495BB3AB741B12FC553BE93 /* libPods-OcDemo.a in Frameworks */ = {isa = PBXBuildFile; fileRef = AA00478ED1679F1A1212E866 /* libPods-OcDemo.a */; };
/* End PBXBuildFile section */

/* Begin PBXContainerItemProxy section */
		80B60E262F14FABA0042B78D /* PBXContainerItemProxy */ = {
			isa = PBXContainerItemProxy;
			containerPortal = 80B60DFF2F14FAB90042B78D /* Project object */;
			proxyType = 1;
			remoteGlobalIDString = 80B60E062F14FAB90042B78D;
			remoteInfo = OcDemo;
		};
		80B60E302F14FABA0042B78D /* PBXContainerItemProxy */ = {
			isa = PBXContainerItemProxy;
			containerPortal = 80B60DFF2F14FAB90042B78D /* Project object */;
			proxyType = 1;
			remoteGlobalIDString = 80B60E062F14FAB90042B78D;
			remoteInfo = OcDemo;
		};
/* End PBXContainerItemProxy section */

/* Begin PBXFileReference section */
		80B60E072F14FAB90042B78D /* OcDemo.app */ = {isa = PBXFileReference; explicitFileType = wrapper.application; includeInIndex = 0; path = OcDemo.app; sourceTree = BUILT_PRODUCTS_DIR; };
		80B60E252F14FABA0042B78D /* OcDemoTests.xctest */ = {isa = PBXFileReference; explicitFileType = wrapper.cfbundle; includeInIndex = 0; path = OcDemoTests.xctest; sourceTree = BUILT_PRODUCTS_DIR; };
		80B60E2F2F14FABA0042B78D /* OcDemoUITests.xctest */ = {isa = PBXFileReference; explicitFileType = wrapper.cfbundle; includeInIndex = 0; path = OcDemoUITests.xctest; sourceTree = BUILT_PRODUCTS_DIR; };
		9D3574B2EE264D96C8A0B866 /* Pods-OcDemo.release.xcconfig */ = {isa = PBXFileReference; includeInIndex = 1; lastKnownFileType = text.xcconfig; name = "Pods-OcDemo.release.xcconfig"; path = "Target Support Files/Pods-OcDemo/Pods-OcDemo.release.xcconfig"; sourceTree = "<group>"; };
		AA00478ED1679F1A1212E866 /* libPods-OcDemo.a */ = {isa = PBXFileReference; explicitFileType = archive.ar; includeInIndex = 0; path = "libPods-OcDemo.a"; sourceTree = BUILT_PRODUCTS_DIR; };
		B278CEAA5165ACBD42C75E6A /* Pods-OcDemo.debug.xcconfig */ = {isa = PBXFileReference; includeInIndex = 1; lastKnownFileType = text.xcconfig; name = "Pods-OcDemo.debug.xcconfig"; path = "Target Support Files/Pods-OcDemo/Pods-OcDemo.debug.xcconfig"; sourceTree = "<group>"; };
/* End PBXFileReference section */

/* Begin PBXFileSystemSynchronizedBuildFileExceptionSet section */
		80B60E372F14FABA0042B78D /* Exceptions for "OcDemo" folder in "OcDemo" target */ = {
			isa = PBXFileSystemSynchronizedBuildFileExceptionSet;
			membershipExceptions = (
				Info.plist,
			);
			target = 80B60E062F14FAB90042B78D /* OcDemo */;
		};
/* End PBXFileSystemSynchronizedBuildFileExceptionSet section */

/* Begin PBXFileSystemSynchronizedRootGroup section */
		80B60E092F14FAB90042B78D /* OcDemo */ = {
			isa = PBXFileSystemSynchronizedRootGroup;
			exceptions = (
				80B60E372F14FABA0042B78D /* Exceptions for "OcDemo" folder in "OcDemo" target */,
			);
			path = OcDemo;
			sourceTree = "<group>";
		};
		80B60E282F14FABA0042B78D /* OcDemoTests */ = {
			isa = PBXFileSystemSynchronizedRootGroup;
			exceptions = (
			);
			path = OcDemoTests;
			sourceTree = "<group>";
		};
		80B60E322F14FABA0042B78D /* OcDemoUITests */ = {
			isa = PBXFileSystemSynchronizedRootGroup;
			exceptions = (
			);
			path = OcDemoUITests;
			sourceTree = "<group>";
		};
/* End PBXFileSystemSynchronizedRootGroup section */

/* Begin PBXFrameworksBuildPhase section */
		80B60E042F14FAB90042B78D /* Frameworks */ = {
			isa = PBXFrameworksBuildPhase;
			buildActionMask = 2147483647;
			files = (
				0495BB3AB741B12FC553BE93 /* libPods-OcDemo.a in Frameworks */,
			);
			runOnlyForDeploymentPostprocessing = 0;
		};
		80B60E222F14FABA0042B78D /* Frameworks */ = {
			isa = PBXFrameworksBuildPhase;
			buildActionMask = 2147483647;
			files = (
			);
			runOnlyForDeploymentPostprocessing = 0;
		};
		80B60E2C2F14FABA0042B78D /* Frameworks */ = {
			isa = PBXFrameworksBuildPhase;
			buildActionMask = 2147483647;
			files = (
			);
			runOnlyForDeploymentPostprocessing = 0;
		};
/* End PBXFrameworksBuildPhase section */

/* Begin PBXGroup section */
		36A66CF739DE7E041CC042C3 /* Pods */ = {
			isa = PBXGroup;
			children = (
				B278CEAA5165ACBD42C75E6A /* Pods-OcDemo.debug.xcconfig */,
				9D3574B2EE264D96C8A0B866 /* Pods-OcDemo.release.xcconfig */,
			);
			name = Pods;
			path = Pods;
			sourceTree = "<group>";
		};
		641EF176F5B6DA201333E310 /* Frameworks */ = {
			isa = PBXGroup;
			children = (
				AA00478ED1679F1A1212E866 /* libPods-OcDemo.a */,
			);
			name = Frameworks;
			sourceTree = "<group>";
		};
		80B60DFE2F14FAB90042B78D = {
			isa = PBXGroup;
			children = (
				80B60E092F14FAB90042B78D /* OcDemo */,
				80B60E282F14FABA0042B78D /* OcDemoTests */,
				80B60E322F14FABA0042B78D /* OcDemoUITests */,
				80B60E082F14FAB90042B78D /* Products */,
				36A66CF739DE7E041CC042C3 /* Pods */,
				641EF176F5B6DA201333E310 /* Frameworks */,
			);
			sourceTree = "<group>";
		};
		80B60E082F14FAB90042B78D /* Products */ = {
			isa = PBXGroup;
			children = (
				80B60E072F14FAB90042B78D /* OcDemo.app */,
				80B60E252F14FABA0042B78D /* OcDemoTests.xctest */,
				80B60E2F2F14FABA0042B78D /* OcDemoUITests.xctest */,
			);
			name = Products;
			sourceTree = "<group>";
		};
/* End PBXGroup section */

/* Begin PBXNativeTarget section */
		80B60E062F14FAB90042B78D /* OcDemo */ = {
			isa = PBXNativeTarget;
			buildConfigurationList = 80B60E382F14FABA0042B78D /* Build configuration list for PBXNativeTarget "OcDemo" */;
			buildPhases = (
				B541D1112E200871C495C5FB /* [CP] Check Pods Manifest.lock */,
				80B60E032F14FAB90042B78D /* Sources */,
				80B60E042F14FAB90042B78D /* Frameworks */,
				80B60E052F14FAB90042B78D /* Resources */,
			);
			buildRules = (
			);
			dependencies = (
			);
			fileSystemSynchronizedGroups = (
				80B60E092F14FAB90042B78D /* OcDemo */,
			);
			name = OcDemo;
			productName = OcDemo;
			productReference = 80B60E072F14FAB90042B78D /* OcDemo.app */;
			productType = "com.apple.product-type.application";
		};
		80B60E242F14FABA0042B78D /* OcDemoTests */ = {
			isa = PBXNativeTarget;
			buildConfigurationList = 80B60E3D2F14FABA0042B78D /* Build configuration list for PBXNativeTarget "OcDemoTests" */;
			buildPhases = (
				80B60E212F14FABA0042B78D /* Sources */,
				80B60E222F14FABA0042B78D /* Frameworks */,
				80B60E232F14FABA0042B78D /* Resources */,
			);
			buildRules = (
			);
			dependencies = (
				80B60E272F14FABA0042B78D /* PBXTargetDependency */,
			);
			fileSystemSynchronizedGroups = (
				80B60E282F14FABA0042B78D /* OcDemoTests */,
			);
			name = OcDemoTests;
			productName = OcDemoTests;
			productReference = 80B60E252F14FABA0042B78D /* OcDemoTests.xctest */;
			productType = "com.apple.product-type.bundle.unit-test";
		};
		80B60E2E2F14FABA0042B78D /* OcDemoUITests */ = {
			isa = PBXNativeTarget;
			buildConfigurationList = 80B60E402F14FABA0042B78D /* Build configuration list for PBXNativeTarget "OcDemoUITests" */;
			buildPhases = (
				80B60E2B2F14FABA0042B78D /* Sources */,
				80B60E2C2F14FABA0042B78D /* Frameworks */,
				80B60E2D2F14FABA0042B78D /* Resources */,
			);
			buildRules = (
			);
			dependencies = (
				80B60E312F14FABA0042B78D /* PBXTargetDependency */,
			);
			fileSystemSynchronizedGroups = (
				80B60E322F14FABA0042B78D /* OcDemoUITests */,
			);
			name = OcDemoUITests;
			productName = OcDemoUITests;
			productReference = 80B60E2F2F14FABA0042B78D /* OcDemoUITests.xctest */;
			productType = "com.apple.product-type.bundle.ui-testing";
		};
/* End PBXNativeTarget section */

/* Begin PBXProject section */
		80B60DFF2F14FAB90042B78D /* Project object */ = {
			isa = PBXProject;
			attributes = {
				BuildIndependentTargetsInParallel = 1;
				LastUpgradeCheck = 1610;
				TargetAttributes = {
					80B60E062F14FAB90042B78D = {
						CreatedOnToolsVersion = 16.1;
					};
					80B60E242F14FABA0042B78D = {
						CreatedOnToolsVersion = 16.1;
						TestTargetID = 80B60E062F14FAB90042B78D;
					};
					80B60E2E2F14FABA0042B78D = {
						CreatedOnToolsVersion = 16.1;
						TestTargetID = 80B60E062F14FAB90042B78D;
					};
				};
			};
			buildConfigurationList = 80B60E022F14FAB90042B78D /* Build configuration list for PBXProject "OcDemo" */;
			developmentRegion = en;
			hasScannedForEncodings = 0;
			knownRegions = (
				en,
				Base,
			);
			mainGroup = 80B60DFE2F14FAB90042B78D;
			minimizedProjectReferenceProxies = 1;
			preferredProjectObjectVersion = 77;
			productRefGroup = 80B60E082F14FAB90042B78D /* Products */;
			projectDirPath = "";
			projectRoot = "";
			targets = (
				80B60E062F14FAB90042B78D /* OcDemo */,
				80B60E242F14FABA0042B78D /* OcDemoTests */,
				80B60E2E2F14FABA0042B78D /* OcDemoUITests */,
			);
		};
/* End PBXProject section */

/* Begin PBXResourcesBuildPhase section */
		80B60E052F14FAB90042B78D /* Resources */ = {
			isa = PBXResourcesBuildPhase;
			buildActionMask = 2147483647;
			files = (
			);
			runOnlyForDeploymentPostprocessing = 0;
		};
		80B60E232F14FABA0042B78D /* Resources */ = {
			isa = PBXResourcesBuildPhase;
			buildActionMask = 2147483647;
			files = (
			);
			runOnlyForDeploymentPostprocessing = 0;
		};
		80B60E2D2F14FABA0042B78D /* Resources */ = {
			isa = PBXResourcesBuildPhase;
			buildActionMask = 2147483647;
			files = (
			);
			runOnlyForDeploymentPostprocessing = 0;
		};
/* End PBXResourcesBuildPhase section */

/* Begin PBXShellScriptBuildPhase section */
		B541D1112E200871C495C5FB /* [CP] Check Pods Manifest.lock */ = {
			isa = PBXShellScriptBuildPhase;
			buildActionMask = 2147483647;
			files = (
			);
			inputFileListPaths = (
			);
			inputPaths = (
				"${PODS_PODFILE_DIR_PATH}/Podfile.lock",
				"${PODS_ROOT}/Manifest.lock",
			);
			name = "[CP] Check Pods Manifest.lock";
			outputFileListPaths = (
			);
			outputPaths = (
				"$(DERIVED_FILE_DIR)/Pods-OcDemo-checkManifestLockResult.txt",
			);
			runOnlyForDeploymentPostprocessing = 0;
			shellPath = /bin/sh;
			shellScript = "diff \"${PODS_PODFILE_DIR_PATH}/Podfile.lock\" \"${PODS_ROOT}/Manifest.lock\" > /dev/null\nif [ $? != 0 ] ; then\n    # print error to STDERR\n    echo \"error: The sandbox is not in sync with the Podfile.lock. Run 'pod install' or update your CocoaPods installation.\" >&2\n    exit 1\nfi\n# This output is used by Xcode 'outputs' to avoid re-running this script phase.\necho \"SUCCESS\" > \"${SCRIPT_OUTPUT_FILE_0}\"\n";
			showEnvVarsInLog = 0;
		};
/* End PBXShellScriptBuildPhase section */

/* Begin PBXSourcesBuildPhase section */
		80B60E032F14FAB90042B78D /* Sources */ = {
			isa = PBXSourcesBuildPhase;
			buildActionMask = 2147483647;
			files = (
			);
			runOnlyForDeploymentPostprocessing = 0;
		};
		80B60E212F14FABA0042B78D /* Sources */ = {
			isa = PBXSourcesBuildPhase;
			buildActionMask = 2147483647;
			files = (
			);
			runOnlyForDeploymentPostprocessing = 0;
		};
		80B60E2B2F14FABA0042B78D /* Sources */ = {
			isa = PBXSourcesBuildPhase;
			buildActionMask = 2147483647;
			files = (
			);
			runOnlyForDeploymentPostprocessing = 0;
		};
/* End PBXSourcesBuildPhase section */

/* Begin PBXTargetDependency section */
		80B60E272F14FABA0042B78D /* PBXTargetDependency */ = {
			isa = PBXTargetDependency;
			target = 80B60E062F14FAB90042B78D /* OcDemo */;
			targetProxy = 80B60E262F14FABA0042B78D /* PBXContainerItemProxy */;
		};
		80B60E312F14FABA0042B78D /* PBXTargetDependency */ = {
			isa = PBXTargetDependency;
			target = 80B60E062F14FAB90042B78D /* OcDemo */;
			targetProxy = 80B60E302F14FABA0042B78D /* PBXContainerItemProxy */;
		};
/* End PBXTargetDependency section */

/* Begin XCBuildConfiguration section */
		80B60E392F14FABA0042B78D /* Debug */ = {
			isa = XCBuildConfiguration;
			baseConfigurationReference = B278CEAA5165ACBD42C75E6A /* Pods-OcDemo.debug.xcconfig */;
			buildSettings = {
				ASSETCATALOG_COMPILER_APPICON_NAME = AppIcon;
				ASSETCATALOG_COMPILER_GLOBAL_ACCENT_COLOR_NAME = AccentColor;
				CODE_SIGN_STYLE = Automatic;
				CURRENT_PROJECT_VERSION = 1;
				DEVELOPMENT_TEAM = XAWR4AU4TQ;
				GENERATE_INFOPLIST_FILE = YES;
				INFOPLIST_FILE = OcDemo/Info.plist;
				INFOPLIST_KEY_UIApplicationSupportsIndirectInputEvents = YES;
				INFOPLIST_KEY_UILaunchStoryboardName = LaunchScreen;
				INFOPLIST_KEY_UIMainStoryboardFile = Main;
				INFOPLIST_KEY_UISupportedInterfaceOrientations_iPad = "UIInterfaceOrientationPortrait UIInterfaceOrientationPortraitUpsideDown UIInterfaceOrientationLandscapeLeft UIInterfaceOrientationLandscapeRight";
				INFOPLIST_KEY_UISupportedInterfaceOrientations_iPhone = "UIInterfaceOrientationPortrait UIInterfaceOrientationLandscapeLeft UIInterfaceOrientationLandscapeRight";
				LD_RUNPATH_SEARCH_PATHS = (
					"$(inherited)",
					"@executable_path/Frameworks",
				);
				MARKETING_VERSION = 1.0;
				PRODUCT_BUNDLE_IDENTIFIER = com.andy.OcDemo;
				PRODUCT_NAME = "$(TARGET_NAME)";
				SWIFT_EMIT_LOC_STRINGS = YES;
				TARGETED_DEVICE_FAMILY = "1,2";
			};
			name = Debug;
		};
		80B60E3A2F14FABA0042B78D /* Release */ = {
			isa = XCBuildConfiguration;
			baseConfigurationReference = 9D3574B2EE264D96C8A0B866 /* Pods-OcDemo.release.xcconfig */;
			buildSettings = {
				ASSETCATALOG_COMPILER_APPICON_NAME = AppIcon;
				ASSETCATALOG_COMPILER_GLOBAL_ACCENT_COLOR_NAME = AccentColor;
				CODE_SIGN_STYLE = Automatic;
				CURRENT_PROJECT_VERSION = 1;
				DEVELOPMENT_TEAM = XAWR4AU4TQ;
				GENERATE_INFOPLIST_FILE = YES;
				INFOPLIST_FILE = OcDemo/Info.plist;
				INFOPLIST_KEY_UIApplicationSupportsIndirectInputEvents = YES;
				INFOPLIST_KEY_UILaunchStoryboardName = LaunchScreen;
				INFOPLIST_KEY_UIMainStoryboardFile = Main;
				INFOPLIST_KEY_UISupportedInterfaceOrientations_iPad = "UIInterfaceOrientationPortrait UIInterfaceOrientationPortraitUpsideDown UIInterfaceOrientationLandscapeLeft UIInterfaceOrientationLandscapeRight";
				INFOPLIST_KEY_UISupportedInterfaceOrientations_iPhone = "UIInterfaceOrientationPortrait UIInterfaceOrientationLandscapeLeft UIInterfaceOrientationLandscapeRight";
				LD_RUNPATH_SEARCH_PATHS = (
					"$(inherited)",
					"@executable_path/Frameworks",
				);
				MARKETING_VERSION = 1.0;
				PRODUCT_BUNDLE_IDENTIFIER = com.andy.OcDemo;
				PRODUCT_NAME = "$(TARGET_NAME)";
				SWIFT_EMIT_LOC_STRINGS = YES;
				TARGETED_DEVICE_FAMILY = "1,2";
			};
			name = Release;
		};
		80B60E3B2F14FABA0042B78D /* Debug */ = {
			isa = XCBuildConfiguration;
			buildSettings = {
				ALWAYS_SEARCH_USER_PATHS = NO;
				ASSETCATALOG_COMPILER_GENERATE_SWIFT_ASSET_SYMBOL_EXTENSIONS = YES;
				CLANG_ANALYZER_NONNULL = YES;
				CLANG_ANALYZER_NUMBER_OBJECT_CONVERSION = YES_AGGRESSIVE;
				CLANG_CXX_LANGUAGE_STANDARD = "gnu++20";
				CLANG_ENABLE_MODULES = YES;
				CLANG_ENABLE_OBJC_ARC = YES;
				CLANG_ENABLE_OBJC_WEAK = YES;
				CLANG_WARN_BLOCK_CAPTURE_AUTORELEASING = YES;
				CLANG_WARN_BOOL_CONVERSION = YES;
				CLANG_WARN_COMMA = YES;
				CLANG_WARN_CONSTANT_CONVERSION = YES;
				CLANG_WARN_DEPRECATED_OBJC_IMPLEMENTATIONS = YES;
				CLANG_WARN_DIRECT_OBJC_ISA_USAGE = YES_ERROR;
				CLANG_WARN_DOCUMENTATION_COMMENTS = YES;
				CLANG_WARN_EMPTY_BODY = YES;
				CLANG_WARN_ENUM_CONVERSION = YES;
				CLANG_WARN_INFINITE_RECURSION = YES;
				CLANG_WARN_INT_CONVERSION = YES;
				CLANG_WARN_NON_LITERAL_NULL_CONVERSION = YES;
				CLANG_WARN_OBJC_IMPLICIT_RETAIN_SELF = YES;
				CLANG_WARN_OBJC_LITERAL_CONVERSION = YES;
				CLANG_WARN_OBJC_ROOT_CLASS = YES_ERROR;
				CLANG_WARN_QUOTED_INCLUDE_IN_FRAMEWORK_HEADER = YES;
				CLANG_WARN_RANGE_LOOP_ANALYSIS = YES;
				CLANG_WARN_STRICT_PROTOTYPES = YES;
				CLANG_WARN_SUSPICIOUS_MOVE = YES;
				CLANG_WARN_UNGUARDED_AVAILABILITY = YES_AGGRESSIVE;
				CLANG_WARN_UNREACHABLE_CODE = YES;
				CLANG_WARN__DUPLICATE_METHOD_MATCH = YES;
				COPY_PHASE_STRIP = NO;
				DEBUG_INFORMATION_FORMAT = dwarf;
				ENABLE_STRICT_OBJC_MSGSEND = YES;
				ENABLE_TESTABILITY = YES;
				ENABLE_USER_SCRIPT_SANDBOXING = YES;
				GCC_C_LANGUAGE_STANDARD = gnu17;
				GCC_DYNAMIC_NO_PIC = NO;
				GCC_NO_COMMON_BLOCKS = YES;
				GCC_OPTIMIZATION_LEVEL = 0;
				GCC_PREPROCESSOR_DEFINITIONS = (
					"DEBUG=1",
					"$(inherited)",
				);
				GCC_WARN_64_TO_32_BIT_CONVERSION = YES;
				GCC_WARN_ABOUT_RETURN_TYPE = YES_ERROR;
				GCC_WARN_UNDECLARED_SELECTOR = YES;
				GCC_WARN_UNINITIALIZED_AUTOS = YES_AGGRESSIVE;
				GCC_WARN_UNUSED_FUNCTION = YES;
				GCC_WARN_UNUSED_VARIABLE = YES;
				IPHONEOS_DEPLOYMENT_TARGET = 18.1;
				LOCALIZATION_PREFERS_STRING_CATALOGS = YES;
				MTL_ENABLE_DEBUG_INFO = INCLUDE_SOURCE;
				MTL_FAST_MATH = YES;
				ONLY_ACTIVE_ARCH = YES;
				SDKROOT = iphoneos;
			};
			name = Debug;
		};
		80B60E3C2F14FABA0042B78D /* Release */ = {
			isa = XCBuildConfiguration;
			buildSettings = {
				ALWAYS_SEARCH_USER_PATHS = NO;
				ASSETCATALOG_COMPILER_GENERATE_SWIFT_ASSET_SYMBOL_EXTENSIONS = YES;
				CLANG_ANALYZER_NONNULL = YES;
				CLANG_ANALYZER_NUMBER_OBJECT_CONVERSION = YES_AGGRESSIVE;
				CLANG_CXX_LANGUAGE_STANDARD = "gnu++20";
				CLANG_ENABLE_MODULES = YES;
				CLANG_ENABLE_OBJC_ARC = YES;
				CLANG_ENABLE_OBJC_WEAK = YES;
				CLANG_WARN_BLOCK_CAPTURE_AUTORELEASING = YES;
				CLANG_WARN_BOOL_CONVERSION = YES;
				CLANG_WARN_COMMA = YES;
				CLANG_WARN_CONSTANT_CONVERSION = YES;
				CLANG_WARN_DEPRECATED_OBJC_IMPLEMENTATIONS = YES;
				CLANG_WARN_DIRECT_OBJC_ISA_USAGE = YES_ERROR;
				CLANG_WARN_DOCUMENTATION_COMMENTS = YES;
				CLANG_WARN_EMPTY_BODY = YES;
				CLANG_WARN_ENUM_CONVERSION = YES;
				CLANG_WARN_INFINITE_RECURSION = YES;
				CLANG_WARN_INT_CONVERSION = YES;
				CLANG_WARN_NON_LITERAL_NULL_CONVERSION = YES;
				CLANG_WARN_OBJC_IMPLICIT_RETAIN_SELF = YES;
				CLANG_WARN_OBJC_LITERAL_CONVERSION = YES;
				CLANG_WARN_OBJC_ROOT_CLASS = YES_ERROR;
				CLANG_WARN_QUOTED_INCLUDE_IN_FRAMEWORK_HEADER = YES;
				CLANG_WARN_RANGE_LOOP_ANALYSIS = YES;
				CLANG_WARN_STRICT_PROTOTYPES = YES;
				CLANG_WARN_SUSPICIOUS_MOVE = YES;
				CLANG_WARN_UNGUARDED_AVAILABILITY = YES_AGGRESSIVE;
				CLANG_WARN_UNREACHABLE_CODE = YES;
				CLANG_WARN__DUPLICATE_METHOD_MATCH = YES;
				COPY_PHASE_STRIP = NO;
				DEBUG_INFORMATION_FORMAT = "dwarf-with-dsym";
				ENABLE_NS_ASSERTIONS = NO;
				ENABLE_STRICT_OBJC_MSGSEND = YES;
				ENABLE_USER_SCRIPT_SANDBOXING = YES;
				GCC_C_LANGUAGE_STANDARD = gnu17;
				GCC_NO_COMMON_BLOCKS = YES;
				GCC_WARN_64_TO_32_BIT_CONVERSION = YES;
				GCC_WARN_ABOUT_RETURN_TYPE = YES_ERROR;
				GCC_WARN_UNDECLARED_SELECTOR = YES;
				GCC_WARN_UNINITIALIZED_AUTOS = YES_AGGRESSIVE;
				GCC_WARN_UNUSED_FUNCTION = YES;
				GCC_WARN_UNUSED_VARIABLE = YES;
				IPHONEOS_DEPLOYMENT_TARGET = 18.1;
				LOCALIZATION_PREFERS_STRING_CATALOGS = YES;
				MTL_ENABLE_DEBUG_INFO = NO;
				MTL_FAST_MATH = YES;
				SDKROOT = iphoneos;
				VALIDATE_PRODUCT = YES;
			};
			name = Release;
		};
		80B60E3E2F14FABA0042B78D /* Debug */ = {
			isa = XCBuildConfiguration;
			buildSettings = {
				BUNDLE_LOADER = "$(TEST_HOST)";
				CODE_SIGN_STYLE = Automatic;
				CURRENT_PROJECT_VERSION = 1;
				DEVELOPMENT_TEAM = XAWR4AU4TQ;
				GENERATE_INFOPLIST_FILE = YES;
				IPHONEOS_DEPLOYMENT_TARGET = 18.1;
				MARKETING_VERSION = 1.0;
				PRODUCT_BUNDLE_IDENTIFIER = com.andy.OcDemoTests;
				PRODUCT_NAME = "$(TARGET_NAME)";
				SWIFT_EMIT_LOC_STRINGS = NO;
				TARGETED_DEVICE_FAMILY = "1,2";
				TEST_HOST = "$(BUILT_PRODUCTS_DIR)/OcDemo.app/$(BUNDLE_EXECUTABLE_FOLDER_PATH)/OcDemo";
			};
			name = Debug;
		};
		80B60E3F2F14FABA0042B78D /* Release */ = {
			isa = XCBuildConfiguration;
			buildSettings = {
				BUNDLE_LOADER = "$(TEST_HOST)";
				CODE_SIGN_STYLE = Automatic;
				CURRENT_PROJECT_VERSION = 1;
				DEVELOPMENT_TEAM = XAWR4AU4TQ;
				GENERATE_INFOPLIST_FILE = YES;
				IPHONEOS_DEPLOYMENT_TARGET = 18.1;
				MARKETING_VERSION = 1.0;
				PRODUCT_BUNDLE_IDENTIFIER = com.andy.OcDemoTests;
				PRODUCT_NAME = "$(TARGET_NAME)";
				SWIFT_EMIT_LOC_STRINGS = NO;
				TARGETED_DEVICE_FAMILY = "1,2";
				TEST_HOST = "$(BUILT_PRODUCTS_DIR)/OcDemo.app/$(BUNDLE_EXECUTABLE_FOLDER_PATH)/OcDemo";
			};
			name = Release;
		};
		80B60E412F14FABA0042B78D /* Debug */ = {
			isa = XCBuildConfiguration;
			buildSettings = {
				CODE_SIGN_STYLE = Automatic;
				CURRENT_PROJECT_VERSION = 1;
				DEVELOPMENT_TEAM = XAWR4AU4TQ;
				GENERATE_INFOPLIST_FILE = YES;
				MARKETING_VERSION = 1.0;
				PRODUCT_BUNDLE_IDENTIFIER = com.andy.OcDemoUITests;
				PRODUCT_NAME = "$(TARGET_NAME)";
				SWIFT_EMIT_LOC_STRINGS = NO;
				TARGETED_DEVICE_FAMILY = "1,2";
				TEST_TARGET_NAME = OcDemo;
			};
			name = Debug;
		};
		80B60E422F14FABA0042B78D /* Release */ = {
			isa = XCBuildConfiguration;
			buildSettings = {
				CODE_SIGN_STYLE = Automatic;
				CURRENT_PROJECT_VERSION = 1;
				DEVELOPMENT_TEAM = XAWR4AU4TQ;
				GENERATE_INFOPLIST_FILE = YES;
				MARKETING_VERSION = 1.0;
				PRODUCT_BUNDLE_IDENTIFIER = com.andy.OcDemoUITests;
				PRODUCT_NAME = "$(TARGET_NAME)";
				SWIFT_EMIT_LOC_STRINGS = NO;
				TARGETED_DEVICE_FAMILY = "1,2";
				TEST_TARGET_NAME = OcDemo;
			};
			name = Release;
		};
/* End XCBuildConfiguration section */

/* Begin XCConfigurationList section */
		80B60E022F14FAB90042B78D /* Build configuration list for PBXProject "OcDemo" */ = {
			isa = XCConfigurationList;
			buildConfigurations = (
				80B60E3B2F14FABA0042B78D /* Debug */,
				80B60E3C2F14FABA0042B78D /* Release */,
			);
			defaultConfigurationIsVisible = 0;
			defaultConfigurationName = Release;
		};
		80B60E382F14FABA0042B78D /* Build configuration list for PBXNativeTarget "OcDemo" */ = {
			isa = XCConfigurationList;
			buildConfigurations = (
				80B60E392F14FABA0042B78D /* Debug */,
				80B60E3A2F14FABA0042B78D /* Release */,
			);
			defaultConfigurationIsVisible = 0;
			defaultConfigurationName = Release;
		};
		80B60E3D2F14FABA0042B78D /* Build configuration list for PBXNativeTarget "OcDemoTests" */ = {
			isa = XCConfigurationList;
			buildConfigurations = (
				80B60E3E2F14FABA0042B78D /* Debug */,
				80B60E3F2F14FABA0042B78D /* Release */,
			);
			defaultConfigurationIsVisible = 0;
			defaultConfigurationName = Release;
		};
		80B60E402F14FABA0042B78D /* Build configuration list for PBXNativeTarget "OcDemoUITests" */ = {
			isa = XCConfigurationList;
			buildConfigurations = (
				80B60E412F14FABA0042B78D /* Debug */,
				80B60E422F14FABA0042B78D /* Release */,
			);
			defaultConfigurationIsVisible = 0;
			defaultConfigurationName = Release;
		};
/* End XCConfigurationList section */
	};
	rootObject = 80B60DFF2F14FAB90042B78D /* Project object */;
}
